{
  "version": 4,
  "terraform_version": "1.9.8",
  "serial": 28,
  "lineage": "774fdd5e-39b5-a64a-2e49-bead3f3e4696",
  "outputs": {
    "api_gateway_url": {
      "value": "https://f5cosxsdoj.execute-api.us-east-1.amazonaws.com",
      "type": "string"
    },
    "lambda_policy_actions": {
      "value": "sts:AssumeRole",
      "type": "string"
    },
    "lambda_policy_disc": {
      "value": "",
      "type": "string"
    },
    "lambda_policy_effect": {
      "value": "Allow",
      "type": "string"
    },
    "lambda_policy_name": {
      "value": "lambda_to_dynamodb",
      "type": "string"
    },
    "lambda_role_name": {
      "value": "lambda_to_dynamodb",
      "type": "string"
    },
    "line1": {
      "value": "policy details:",
      "type": "string"
    },
    "line2": {
      "value": "policy permesions:",
      "type": "string"
    }
  },
  "resources": [
    {
      "mode": "data",
      "type": "archive_file",
      "name": "lambda_zip",
      "provider": "provider[\"registry.terraform.io/hashicorp/archive\"]",
      "instances": [
        {
          "schema_version": 0,
          "attributes": {
            "exclude_symlink_directories": null,
            "excludes": null,
            "id": "2c4ea6f78f3eedd97253752b9a40ac30ad881e9c",
            "output_base64sha256": "i5L7i8SzDhxOdsOIEfLPMkeOEULw4EC12ML6S0Sn4K4=",
            "output_base64sha512": "27QqY/Dw8uHgmaBHYZ2x9OW+6gwalC3tfMwdbTtn9AWvl/jnfqDgQtQQyw1VfyfrzvYXnslYuYNulBllOQ2EMQ==",
            "output_file_mode": null,
            "output_md5": "63372d52bab631b8f5a2a9687d71f560",
            "output_path": "./lambda.zip",
            "output_sha": "2c4ea6f78f3eedd97253752b9a40ac30ad881e9c",
            "output_sha256": "8b92fb8bc4b30e1c4e76c38811f2cf32478e1142f0e040b5d8c2fa4b44a7e0ae",
            "output_sha512": "dbb42a63f0f0f2e1e099a047619db1f4e5beea0c1a942ded7ccc1d6d3b67f405af97f8e77ea0e042d410cb0d557f27ebcef6179ec958b9836e941965390d8431",
            "output_size": 14993107,
            "source": [],
            "source_content": null,
            "source_content_filename": null,
            "source_dir": "./../lambda",
            "source_file": null,
            "type": "zip"
          },
          "sensitive_attributes": []
        }
      ]
    },
    {
      "mode": "managed",
      "type": "aws_apigatewayv2_api",
      "name": "lambda_api",
      "provider": "provider[\"registry.terraform.io/hashicorp/aws\"]",
      "instances": [
        {
          "schema_version": 0,
          "attributes": {
            "api_endpoint": "https://f5cosxsdoj.execute-api.us-east-1.amazonaws.com",
            "api_key_selection_expression": "$request.header.x-api-key",
            "arn": "arn:aws:apigateway:us-east-1::/apis/f5cosxsdoj",
            "body": null,
            "cors_configuration": [
              {
                "allow_credentials": false,
                "allow_headers": [
                  "content-type"
                ],
                "allow_methods": [
                  "GET",
                  "OPTIONS",
                  "POST"
                ],
                "allow_origins": [
                  "*"
                ],
                "expose_headers": [],
                "max_age": 0
              }
            ],
            "credentials_arn": null,
            "description": "",
            "disable_execute_api_endpoint": false,
            "execution_arn": "arn:aws:execute-api:us-east-1:711387135599:f5cosxsdoj",
            "fail_on_warnings": null,
            "id": "f5cosxsdoj",
            "name": "lambda_http_api",
            "protocol_type": "HTTP",
            "route_key": null,
            "route_selection_expression": "$request.method $request.path",
            "tags": {},
            "tags_all": {},
            "target": null,
            "version": ""
          },
          "sensitive_attributes": [],
          "private": "bnVsbA=="
        }
      ]
    },
    {
      "mode": "managed",
      "type": "aws_apigatewayv2_integration",
      "name": "lambda_integration",
      "provider": "provider[\"registry.terraform.io/hashicorp/aws\"]",
      "instances": [
        {
          "schema_version": 0,
          "attributes": {
            "api_id": "f5cosxsdoj",
            "connection_id": "",
            "connection_type": "INTERNET",
            "content_handling_strategy": "",
            "credentials_arn": "",
            "description": "",
            "id": "38j6n5g",
            "integration_method": "POST",
            "integration_response_selection_expression": "",
            "integration_subtype": "",
            "integration_type": "AWS_PROXY",
            "integration_uri": "arn:aws:apigateway:us-east-1:lambda:path/2015-03-31/functions/arn:aws:lambda:us-east-1:711387135599:function:lambda_email_function/invocations",
            "passthrough_behavior": "",
            "payload_format_version": "1.0",
            "request_parameters": {},
            "request_templates": {},
            "response_parameters": [],
            "template_selection_expression": "",
            "timeout_milliseconds": 30000,
            "tls_config": []
          },
          "sensitive_attributes": [],
          "private": "bnVsbA==",
          "dependencies": [
            "aws_apigatewayv2_api.lambda_api",
            "aws_dynamodb_table.dynamodb-emails-table",
            "aws_iam_policy.lambda_policy",
            "aws_iam_role.lambda_role",
            "aws_iam_role_policy_attachment.lambda_dynamodb_attach",
            "aws_lambda_function.email_function",
            "data.archive_file.lambda_zip"
          ]
        }
      ]
    },
    {
      "mode": "managed",
      "type": "aws_apigatewayv2_route",
      "name": "post_route",
      "provider": "provider[\"registry.terraform.io/hashicorp/aws\"]",
      "instances": [
        {
          "schema_version": 0,
          "attributes": {
            "api_id": "f5cosxsdoj",
            "api_key_required": false,
            "authorization_scopes": [],
            "authorization_type": "NONE",
            "authorizer_id": "",
            "id": "yv3x2j4",
            "model_selection_expression": "",
            "operation_name": "",
            "request_models": {},
            "request_parameter": [],
            "route_key": "POST /submit",
            "route_response_selection_expression": "",
            "target": "integrations/38j6n5g"
          },
          "sensitive_attributes": [],
          "private": "bnVsbA==",
          "dependencies": [
            "aws_apigatewayv2_api.lambda_api",
            "aws_apigatewayv2_integration.lambda_integration",
            "aws_dynamodb_table.dynamodb-emails-table",
            "aws_iam_policy.lambda_policy",
            "aws_iam_role.lambda_role",
            "aws_iam_role_policy_attachment.lambda_dynamodb_attach",
            "aws_lambda_function.email_function",
            "data.archive_file.lambda_zip"
          ]
        }
      ]
    },
    {
      "mode": "managed",
      "type": "aws_apigatewayv2_stage",
      "name": "default",
      "provider": "provider[\"registry.terraform.io/hashicorp/aws\"]",
      "instances": [
        {
          "schema_version": 0,
          "attributes": {
            "access_log_settings": [],
            "api_id": "f5cosxsdoj",
            "arn": "arn:aws:apigateway:us-east-1::/apis/f5cosxsdoj/stages/$default",
            "auto_deploy": true,
            "client_certificate_id": "",
            "default_route_settings": [
              {
                "data_trace_enabled": false,
                "detailed_metrics_enabled": false,
                "logging_level": "",
                "throttling_burst_limit": 0,
                "throttling_rate_limit": 0
              }
            ],
            "deployment_id": "x4l0u6",
            "description": "",
            "execution_arn": "arn:aws:execute-api:us-east-1:711387135599:f5cosxsdoj/$default",
            "id": "$default",
            "invoke_url": "https://f5cosxsdoj.execute-api.us-east-1.amazonaws.com/",
            "name": "$default",
            "route_settings": [],
            "stage_variables": {},
            "tags": {},
            "tags_all": {}
          },
          "sensitive_attributes": [],
          "private": "bnVsbA==",
          "dependencies": [
            "aws_apigatewayv2_api.lambda_api"
          ]
        }
      ]
    },
    {
      "mode": "managed",
      "type": "aws_dynamodb_table",
      "name": "dynamodb-emails-table",
      "provider": "provider[\"registry.terraform.io/hashicorp/aws\"]",
      "instances": [
        {
          "schema_version": 1,
          "attributes": {
            "arn": "arn:aws:dynamodb:us-east-1:711387135599:table/EmailsTable",
            "attribute": [
              {
                "name": "email",
                "type": "S"
              },
              {
                "name": "name",
                "type": "S"
              }
            ],
            "billing_mode": "PROVISIONED",
            "deletion_protection_enabled": false,
            "global_secondary_index": [],
            "hash_key": "email",
            "id": "EmailsTable",
            "import_table": [],
            "local_secondary_index": [],
            "name": "EmailsTable",
            "on_demand_throughput": [],
            "point_in_time_recovery": [
              {
                "enabled": false
              }
            ],
            "range_key": "name",
            "read_capacity": 5,
            "replica": [],
            "restore_date_time": null,
            "restore_source_name": null,
            "restore_source_table_arn": null,
            "restore_to_latest_time": null,
            "server_side_encryption": [],
            "stream_arn": "",
            "stream_enabled": false,
            "stream_label": "",
            "stream_view_type": "",
            "table_class": "STANDARD",
            "tags": {},
            "tags_all": {},
            "timeouts": null,
            "ttl": [
              {
                "attribute_name": "",
                "enabled": false
              }
            ],
            "write_capacity": 5
          },
          "sensitive_attributes": [],
          "private": "eyJlMmJmYjczMC1lY2FhLTExZTYtOGY4OC0zNDM2M2JjN2M0YzAiOnsiY3JlYXRlIjoxODAwMDAwMDAwMDAwLCJkZWxldGUiOjYwMDAwMDAwMDAwMCwidXBkYXRlIjozNjAwMDAwMDAwMDAwfSwic2NoZW1hX3ZlcnNpb24iOiIxIn0="
        }
      ]
    },
    {
      "mode": "managed",
      "type": "aws_iam_policy",
      "name": "lambda_policy",
      "provider": "provider[\"registry.terraform.io/hashicorp/aws\"]",
      "instances": [
        {
          "schema_version": 0,
          "attributes": {
            "arn": "arn:aws:iam::711387135599:policy/lambda_dynamodb_put_item",
            "attachment_count": 1,
            "description": "Policy that allows lambda to put data into DynamoDB",
            "id": "arn:aws:iam::711387135599:policy/lambda_dynamodb_put_item",
            "name": "lambda_dynamodb_put_item",
            "name_prefix": "",
            "path": "/",
            "policy": "{\"Statement\":[{\"Action\":[\"dynamodb:PutItem*\",\"dynamodb:DeleteItem\"],\"Effect\":\"Allow\",\"Resource\":\"arn:aws:dynamodb:us-east-1:711387135599:table/EmailsTable\"}],\"Version\":\"2012-10-17\"}",
            "policy_id": "ANPA2LIP2HZXX6E4L5E3E",
            "tags": {},
            "tags_all": {}
          },
          "sensitive_attributes": [],
          "private": "bnVsbA==",
          "dependencies": [
            "aws_dynamodb_table.dynamodb-emails-table"
          ]
        }
      ]
    },
    {
      "mode": "managed",
      "type": "aws_iam_role",
      "name": "lambda_role",
      "provider": "provider[\"registry.terraform.io/hashicorp/aws\"]",
      "instances": [
        {
          "schema_version": 0,
          "attributes": {
            "arn": "arn:aws:iam::711387135599:role/lambda_to_dynamodb",
            "assume_role_policy": "{\"Statement\":[{\"Action\":\"sts:AssumeRole\",\"Effect\":\"Allow\",\"Principal\":{\"Service\":\"lambda.amazonaws.com\"},\"Sid\":\"\"}],\"Version\":\"2012-10-17\"}",
            "create_date": "2025-03-27T02:28:52Z",
            "description": "",
            "force_detach_policies": false,
            "id": "lambda_to_dynamodb",
            "inline_policy": [],
            "managed_policy_arns": [
              "arn:aws:iam::711387135599:policy/lambda_dynamodb_put_item"
            ],
            "max_session_duration": 3600,
            "name": "lambda_to_dynamodb",
            "name_prefix": "",
            "path": "/",
            "permissions_boundary": "",
            "tags": {
              "tag-key": "Lambda_to_db"
            },
            "tags_all": {
              "tag-key": "Lambda_to_db"
            },
            "unique_id": "AROA2LIP2HZXYWHASQDC6"
          },
          "sensitive_attributes": [],
          "private": "bnVsbA=="
        }
      ]
    },
    {
      "mode": "managed",
      "type": "aws_iam_role_policy_attachment",
      "name": "lambda_dynamodb_attach",
      "provider": "provider[\"registry.terraform.io/hashicorp/aws\"]",
      "instances": [
        {
          "schema_version": 0,
          "attributes": {
            "id": "lambda_to_dynamodb-20250327022907468500000002",
            "policy_arn": "arn:aws:iam::711387135599:policy/lambda_dynamodb_put_item",
            "role": "lambda_to_dynamodb"
          },
          "sensitive_attributes": [],
          "private": "bnVsbA==",
          "dependencies": [
            "aws_dynamodb_table.dynamodb-emails-table",
            "aws_iam_policy.lambda_policy",
            "aws_iam_role.lambda_role"
          ]
        }
      ]
    },
    {
      "mode": "managed",
      "type": "aws_lambda_function",
      "name": "email_function",
      "provider": "provider[\"registry.terraform.io/hashicorp/aws\"]",
      "instances": [
        {
          "schema_version": 0,
          "attributes": {
            "architectures": [
              "x86_64"
            ],
            "arn": "arn:aws:lambda:us-east-1:711387135599:function:lambda_email_function",
            "code_sha256": "i5L7i8SzDhxOdsOIEfLPMkeOEULw4EC12ML6S0Sn4K4=",
            "code_signing_config_arn": "",
            "dead_letter_config": [],
            "description": "",
            "environment": [
              {
                "variables": {
                  "foo": "bar"
                }
              }
            ],
            "ephemeral_storage": [
              {
                "size": 512
              }
            ],
            "file_system_config": [],
            "filename": "./lambda.zip",
            "function_name": "lambda_email_function",
            "handler": "lambda_function.lambda_handler",
            "id": "lambda_email_function",
            "image_config": [],
            "image_uri": "",
            "invoke_arn": "arn:aws:apigateway:us-east-1:lambda:path/2015-03-31/functions/arn:aws:lambda:us-east-1:711387135599:function:lambda_email_function/invocations",
            "kms_key_arn": "",
            "last_modified": "2025-03-27T02:41:48.295+0000",
            "layers": [],
            "logging_config": [
              {
                "application_log_level": "",
                "log_format": "Text",
                "log_group": "/aws/lambda/lambda_email_function",
                "system_log_level": ""
              }
            ],
            "memory_size": 128,
            "package_type": "Zip",
            "publish": false,
            "qualified_arn": "arn:aws:lambda:us-east-1:711387135599:function:lambda_email_function:$LATEST",
            "qualified_invoke_arn": "arn:aws:apigateway:us-east-1:lambda:path/2015-03-31/functions/arn:aws:lambda:us-east-1:711387135599:function:lambda_email_function:$LATEST/invocations",
            "replace_security_groups_on_destroy": null,
            "replacement_security_group_ids": null,
            "reserved_concurrent_executions": -1,
            "role": "arn:aws:iam::711387135599:role/lambda_to_dynamodb",
            "runtime": "python3.13",
            "s3_bucket": null,
            "s3_key": null,
            "s3_object_version": null,
            "signing_job_arn": "",
            "signing_profile_version_arn": "",
            "skip_destroy": false,
            "snap_start": [],
            "source_code_hash": "i5L7i8SzDhxOdsOIEfLPMkeOEULw4EC12ML6S0Sn4K4=",
            "source_code_size": 14993107,
            "tags": {},
            "tags_all": {},
            "timeout": 20,
            "timeouts": null,
            "tracing_config": [
              {
                "mode": "PassThrough"
              }
            ],
            "version": "$LATEST",
            "vpc_config": []
          },
          "sensitive_attributes": [],
          "private": "eyJlMmJmYjczMC1lY2FhLTExZTYtOGY4OC0zNDM2M2JjN2M0YzAiOnsiY3JlYXRlIjo2MDAwMDAwMDAwMDAsImRlbGV0ZSI6NjAwMDAwMDAwMDAwLCJ1cGRhdGUiOjYwMDAwMDAwMDAwMH19",
          "dependencies": [
            "aws_dynamodb_table.dynamodb-emails-table",
            "aws_iam_policy.lambda_policy",
            "aws_iam_role.lambda_role",
            "aws_iam_role_policy_attachment.lambda_dynamodb_attach",
            "data.archive_file.lambda_zip"
          ]
        }
      ]
    },
    {
      "mode": "managed",
      "type": "aws_lambda_permission",
      "name": "apigw_lambda",
      "provider": "provider[\"registry.terraform.io/hashicorp/aws\"]",
      "instances": [
        {
          "schema_version": 0,
          "attributes": {
            "action": "lambda:InvokeFunction",
            "event_source_token": null,
            "function_name": "lambda_email_function",
            "function_url_auth_type": null,
            "id": "terraform-20250327024155950500000002",
            "principal": "apigateway.amazonaws.com",
            "principal_org_id": null,
            "qualifier": "",
            "source_account": null,
            "source_arn": "arn:aws:execute-api:us-east-1:711387135599:f5cosxsdoj/$default/POST/submit",
            "statement_id": "terraform-20250327024155950500000002",
            "statement_id_prefix": "terraform-"
          },
          "sensitive_attributes": [],
          "private": "bnVsbA==",
          "dependencies": [
            "aws_apigatewayv2_api.lambda_api",
            "aws_dynamodb_table.dynamodb-emails-table",
            "aws_iam_policy.lambda_policy",
            "aws_iam_role.lambda_role",
            "aws_iam_role_policy_attachment.lambda_dynamodb_attach",
            "aws_lambda_function.email_function",
            "data.archive_file.lambda_zip"
          ]
        }
      ]
    },
    {
      "mode": "managed",
      "type": "null_resource",
      "name": "write_env_file",
      "provider": "provider[\"registry.terraform.io/hashicorp/null\"]",
      "instances": [
        {
          "schema_version": 0,
          "attributes": {
            "id": "818385420",
            "triggers": null
          },
          "sensitive_attributes": [],
          "dependencies": [
            "aws_apigatewayv2_api.lambda_api"
          ]
        }
      ]
    },
    {
      "module": "module.ec2",
      "mode": "managed",
      "type": "aws_instance",
      "name": "main_machine",
      "provider": "provider[\"registry.terraform.io/hashicorp/aws\"]",
      "instances": [
        {
          "schema_version": 1,
          "attributes": {
            "ami": "ami-071226ecf16aa7d96",
            "arn": "arn:aws:ec2:us-east-1:711387135599:instance/i-0104bdb8ef6b71134",
            "associate_public_ip_address": true,
            "availability_zone": "us-east-1c",
            "capacity_reservation_specification": [
              {
                "capacity_reservation_preference": "open",
                "capacity_reservation_target": []
              }
            ],
            "cpu_core_count": 1,
            "cpu_options": [
              {
                "amd_sev_snp": "",
                "core_count": 1,
                "threads_per_core": 1
              }
            ],
            "cpu_threads_per_core": 1,
            "credit_specification": [
              {
                "cpu_credits": "standard"
              }
            ],
            "disable_api_stop": false,
            "disable_api_termination": false,
            "ebs_block_device": [],
            "ebs_optimized": false,
            "enable_primary_ipv6": null,
            "enclave_options": [
              {
                "enabled": false
              }
            ],
            "ephemeral_block_device": [],
            "get_password_data": false,
            "hibernation": false,
            "host_id": "",
            "host_resource_group_arn": null,
            "iam_instance_profile": "",
            "id": "i-0104bdb8ef6b71134",
            "instance_initiated_shutdown_behavior": "stop",
            "instance_lifecycle": "",
            "instance_market_options": [],
            "instance_state": "running",
            "instance_type": "t2.micro",
            "ipv6_address_count": 0,
            "ipv6_addresses": [],
            "key_name": "server-key",
            "launch_template": [],
            "maintenance_options": [
              {
                "auto_recovery": "default"
              }
            ],
            "metadata_options": [
              {
                "http_endpoint": "enabled",
                "http_protocol_ipv6": "disabled",
                "http_put_response_hop_limit": 2,
                "http_tokens": "required",
                "instance_metadata_tags": "disabled"
              }
            ],
            "monitoring": false,
            "network_interface": [],
            "outpost_arn": "",
            "password_data": "",
            "placement_group": "",
            "placement_partition_number": 0,
            "primary_network_interface_id": "eni-08a866562111678c7",
            "private_dns": "ip-10-0-1-125.ec2.internal",
            "private_dns_name_options": [
              {
                "enable_resource_name_dns_a_record": false,
                "enable_resource_name_dns_aaaa_record": false,
                "hostname_type": "ip-name"
              }
            ],
            "private_ip": "10.0.1.125",
            "public_dns": "",
            "public_ip": "34.229.38.148",
            "root_block_device": [
              {
                "delete_on_termination": true,
                "device_name": "/dev/xvda",
                "encrypted": false,
                "iops": 3000,
                "kms_key_id": "",
                "tags": {},
                "tags_all": {},
                "throughput": 125,
                "volume_id": "vol-045d0288335443cc0",
                "volume_size": 8,
                "volume_type": "gp3"
              }
            ],
            "secondary_private_ips": [],
            "security_groups": [],
            "source_dest_check": true,
            "spot_instance_request_id": "",
            "subnet_id": "subnet-0b1036606c4217de5",
            "tags": {
              "Name": "Apache-webserver"
            },
            "tags_all": {
              "Name": "Apache-webserver"
            },
            "tenancy": "default",
            "timeouts": null,
            "user_data": "14f1b44b6719b66cae1700198728fb21f3901ea8",
            "user_data_base64": null,
            "user_data_replace_on_change": false,
            "volume_tags": null,
            "vpc_security_group_ids": [
              "sg-0e27c0f5bf80e3b73"
            ]
          },
          "sensitive_attributes": [],
          "private": "eyJlMmJmYjczMC1lY2FhLTExZTYtOGY4OC0zNDM2M2JjN2M0YzAiOnsiY3JlYXRlIjo2MDAwMDAwMDAwMDAsImRlbGV0ZSI6MTIwMDAwMDAwMDAwMCwicmVhZCI6OTAwMDAwMDAwMDAwLCJ1cGRhdGUiOjYwMDAwMDAwMDAwMH0sInNjaGVtYV92ZXJzaW9uIjoiMSJ9",
          "dependencies": [
            "module.vpc.aws_default_security_group.main-sg",
            "module.vpc.aws_subnet.main-subnet",
            "module.vpc.aws_vpc.main-vpc"
          ]
        }
      ]
    },
    {
      "module": "module.ec2",
      "mode": "managed",
      "type": "aws_key_pair",
      "name": "server-key",
      "provider": "provider[\"registry.terraform.io/hashicorp/aws\"]",
      "instances": [
        {
          "schema_version": 1,
          "attributes": {
            "arn": "arn:aws:ec2:us-east-1:711387135599:key-pair/server-key",
            "fingerprint": "45:9d:ea:84:03:ad:4a:8d:d5:a9:21:73:1f:ef:47:4d",
            "id": "server-key",
            "key_name": "server-key",
            "key_name_prefix": "",
            "key_pair_id": "key-08c5aac57c6233abc",
            "key_type": "rsa",
            "public_key": "ssh-rsa AAAAB3NzaC1yc2EAAAADAQABAAACAQC2wcRXtoDGcjpQuV+bIe7385xkejYmnr8Bq5J5CYCtKAKQQCopJH9fletzF69p9XQNEaABIPZl8Mu5K4Muh6so3+HS+/lHpUaEwlP4SVJKsXZU3ZB+oaUw8C+6B81aOaGhuEabGXa1UuPGlJe0m8pkNvaB7dlKZwLqxeJktjxXUS8KSHsuitp1vmVX0rIjX9T/vqpNxK/l9rLOpQBSma5P64VK4G6OWj1Ciz2vzFMp0dMVlSL5FHRXQ25JZN5lKkZNgwUBMrtba5uGcrW+8BkP1EPGvhZg+JPBhyRN42klJXp2kZOjqLxGlzVUO8gBcpXVfByiRJqB2zL7t6udabrUzL4Lxs4bjtdoYBDy9j2YYfoZU8UZuKcjD2OKN66ckVh4iUuzDE6obDTm1G0wCQZcpqC+zaNoZIgwwIiaD4KIg3cybOa9axTL/03Ms3WJ8QQlUACXh18zkqIZVARqDLRSmDiNDc5wf13Qy+y4eUSGSQb8Z2VAFoMLbtKRtQ3FRtNAEzOOkEqcmTJtHH4k+R0oMLf9MMEtoGG5w/1Cg+3FOTQGAHrHoU/3g/p9Qk4SdMjHMl81jJ69NiCPtxzhs4rQnbP7T56vMnT0c7GHY6r4geoIRfRbCPOaqXRYDg5Cm75Y0K2IKBaUwB9kkgCWq8D+AolRxZ7YZLJ2x1JD/nqM2Q==",
            "tags": null,
            "tags_all": {}
          },
          "sensitive_attributes": [],
          "private": "eyJzY2hlbWFfdmVyc2lvbiI6IjEifQ==",
          "dependencies": [
            "module.ec2.tls_private_key.rsa"
          ]
        }
      ]
    },
    {
      "module": "module.ec2",
      "mode": "managed",
      "type": "local_file",
      "name": "rsa",
      "provider": "provider[\"registry.terraform.io/hashicorp/local\"]",
      "instances": [
        {
          "schema_version": 0,
          "attributes": {
            "content": "-----BEGIN RSA PRIVATE KEY-----\nMIIJJwIBAAKCAgEAtsHEV7aAxnI6ULlfmyHu9/OcZHo2Jp6/AauSeQmArSgCkEAq\nKSR/X5XrcxevafV0DRGgASD2ZfDLuSuDLoerKN/h0vv5R6VGhMJT+ElSSrF2VN2Q\nfqGlMPAvugfNWjmhobhGmxl2tVLjxpSXtJvKZDb2ge3ZSmcC6sXiZLY8V1EvCkh7\nLoradb5lV9KyI1/U/76qTcSv5fayzqUAUpmuT+uFSuBujlo9Qos9r8xTKdHTFZUi\n+RR0V0NuSWTeZSpGTYMFATK7W2ubhnK1vvAZD9RDxr4WYPiTwYckTeNpJSV6dpGT\no6i8Rpc1VDvIAXKV1XwcokSagdsy+7ernWm61My+C8bOG47XaGAQ8vY9mGH6GVPF\nGbinIw9jijeunJFYeIlLswxOqGw05tRtMAkGXKagvs2jaGSIMMCImg+CiIN3Mmzm\nvWsUy/9NzLN1ifEEJVAAl4dfM5KiGVQEagy0Upg4jQ3OcH9d0MvsuHlEhkkG/Gdl\nQBaDC27SkbUNxUbTQBMzjpBKnJkybRx+JPkdKDC3/TDBLaBhucP9QoPtxTk0BgB6\nx6FP94P6fUJOEnTIxzJfNYyevTYgj7cc4bOK0J2z+0+erzJ09HOxh2Oq+IHqCEX0\nWwjzmql0WA4OQpu+WNCtiCgWlMAfZJIAlqvA/gKJUcWe2GSydsdSQ/56jNkCAwEA\nAQKCAgBkDthZkYEVpSqKUcOnYr+8HzNry4FkSZuX5YCvJeW+Z95nbcnndqUKB0G+\nZKRUZd9g3Fp2474jd9+CBPGwgvTRzymLYwtLD5D5VI+2qyYT4O9BbYET45pWndnz\nhxwGHvGAYiy99AYLJlOwwGACsRzxGyqBXmCOHLH7KdZWf3Ov9rHDdoWCqOEMf+5q\nU9/WADzUvGXvaBVJ2XRyMOJpVtyZwv/aS+AbrgpGKYfffQW3Krrf4SQhrPI5aKC0\nLDaaurd87pPJ4SW02shuptUcscV25icpY59K/i2fUkctIanKfad7zR5BBzv1hgnb\nkVNif4LLPEVNDjRtjj5ulFOwPlfcBxvIldEfyZ58TW8sttpByqfEZiCNZEsmHcjL\nx+tdNeZ9NpMdNhzcH6FlzQmRQiXok+S6r56jcw/LSxg2Ltr6PHBtU73xIYfTObi6\n6nnTjPFev1Z+qxZXij9LFS7qH7/HlGGeTyWIzq9R7/fgRidJfYqiLkLH5HXoaP8b\nlcQx4UjKgxSci+95hBmmuX+H07rXExt1AkPGKaHKgmGpK2Kgtvh2B1JxaGHh+SWI\nQVJegv0wwQfjMh1zgLS9nfDAS1dx0Bw/1CEmqYXTu+oeFpPkKSfVZzCK1HnViYwx\nQ99j60E4cvOLqjEZXNf9zTRMQpjj+UYFkujoFVSOqSqhnFHUUQKCAQEA4hqMamWc\n4HSXYrhWn7kEGKYgtHWMo4ltrkkGmsX33JoVPaxNNXm+60O1CTbJWUP6rZIIWni6\nLTbVLdevZRcUKiVO/Sxi393pPgCjMCKTGe3+oXaTvoO1iq3E7ghOc3Kdk58EhQzj\nlYcC0UPhBi7YzHFJEH6aAT6HVN+TkyoWO4TFjiCMDdFV5i8Am+AkiRVkR+HT1aQY\nizdUMeVmPEAwHPHgDgBILlbnrBh3VTSjEL6ZjKl6SkocJV3kfz21tgDbL/AWcqzU\nLIxJ3AOvdW4+iEv18VxHSzCjlnghUg+h72Sg77jvpC+lwR74fyBlTUmlVSEjMOMU\nhYnBDqwkipGhDQKCAQEAzuv1q9y6nyFMjIHtOUtcjQLI/BVip08pzcIrFJ0X2dp4\nHwHO5V1TaFhb73JuKm6b7BsWVnJ/dRo/LX8AFzkC9Efdp/gFD0VSLHjUPqlfUK8H\nRuYYWYqzoTzF5MotUQaUXH9uAH+u6nOmOPmtDD+RabDzLnRkhUil3tzzET7nQxv+\ntIpeaGOegHole4roLYQU44DO8J2VEa8ofUQMgMkdUlwKQHi8zTXgIFFfGLzikhxR\nCKgJ04upa0igp28ywN/b/VfnV95ZzUNVDnVi+UZU5cL7hx1+6yQBCA6Je2nxK15S\ngCi5fmGq8/KOCmYmi+J0m8jHmWri4nGMSsXETrEv/QKCAQAfQdRPkSSS0wtqlllD\nU2yBi9XRnL6IjSMgiO/kzaFqWdK95+f0kJQYKhAI6g4DzSYGgL2u5Cm4vm/SGpMg\nwoQDH40/6rbwg9kOvT/SE7WKTCB7ac0a9VJPjZ4/2d4ej6XBFqalThbYQQXesCeX\nlzpZaP/Uy+u2aFKFJTNdkN/p8nztHQq/jkT1wWGwKthiKxbl6Q5D5p+N/2QgUbpE\ncgs0tStoRBm2bkUwwWEd4lz4n6DSlUtWodAqSkSgYoOQWaXzhplT2Rir3+kGBWxo\nK4lxhi7F4x/oAR1cW9cfZRHZ6mtlOIfIht2/SOzJhkz61keI8T/QLlRT8atCwAF9\nNoyxAoIBACjwGgzEgM+W4PQziGF7fXYQhP8KpBgB231v2uIbKmrZhEZuLybFzgio\n4pd/Bjiy5XpS6Zp00K60YKd5puTxTJpT1ZCzyxx4VIej6Cn1jHwEBOaMA2lDvcI6\nqdRYA5syOAwM0hCbMloEQ3CmRQxVT0mfzpz0Pib4doifIh/ZWBu44C2L6p2wh91X\nTS8iDkljBlb0VvzX0HRNOS9/VRHtuDVhLE4RFRlsfUknkC7uv8y0eXvC8x69VOl6\n1v4JS/tIztdSmtyRiybHGX7gzpIOziEe8HCM711KJEIZzi1yilpQMPZWGEzeudnF\ntUBtcVbfmL5xfLvnn7e5S05HzkzbVWkCggEAHHGdZLDPEuhLj7gUfGoH9UDB8wnr\nYFUe01eQTXLAB9gG6zH/6kyyeDqjTWdxiU0eRZ6ONK7uCxlf50sVA6bPyqZqLV6y\ngJNWIUljnrJiPzmTtW/ylMhW3LiNTV98wr9+mVZAR89lxtgcf2N3e3vwRTvhpDqd\ntxxAPuqSHmOUiS9qnQF5nXb7M8XMLyUK1h/BxGq6by1J2VsRHdpp6ZJXkTt1HjXm\npH7dCt96iu09ncsfLVXrHnsodfhfXStWoGtE3ZNDEx3EUMMKbpnBv7usZkyE/aOn\nvGX26TYYXT79SyOS/suCma5Y3i+ITriqfxzNh2tYVtDL2z6YDe0HcHdI4A==\n-----END RSA PRIVATE KEY-----\n",
            "content_base64": null,
            "content_base64sha256": "K51Z/wJbCyFRgOzOiZrpOnS67LCCDVBXzzABBjvTT6w=",
            "content_base64sha512": "VT8XUWyYoN/MXSr+DkAHw7nfi0lTWKm7BsIztQa0Q8VGKP6NwsLL0McV3MiLqRwPty5lGKFALadmzjPVbStMrg==",
            "content_md5": "36a23f9bc4c31e19aaf145d0ff8ac28e",
            "content_sha1": "d2266816b0fc22da42b1e3cca82c41ccc1c02282",
            "content_sha256": "2b9d59ff025b0b215180ecce899ae93a74baecb0820d5057cf3001063bd34fac",
            "content_sha512": "553f17516c98a0dfcc5d2afe0e4007c3b9df8b495358a9bb06c233b506b443c54628fe8dc2c2cbd0c715dcc88ba91c0fb72e6518a1402da766ce33d56d2b4cae",
            "directory_permission": "0777",
            "file_permission": "0777",
            "filename": "tfkey.pem",
            "id": "d2266816b0fc22da42b1e3cca82c41ccc1c02282",
            "sensitive_content": null,
            "source": null
          },
          "sensitive_attributes": [
            [
              {
                "type": "get_attr",
                "value": "sensitive_content"
              }
            ],
            [
              {
                "type": "get_attr",
                "value": "content"
              }
            ]
          ],
          "dependencies": [
            "module.ec2.tls_private_key.rsa"
          ]
        }
      ]
    },
    {
      "module": "module.ec2",
      "mode": "managed",
      "type": "tls_private_key",
      "name": "rsa",
      "provider": "provider[\"registry.terraform.io/hashicorp/tls\"]",
      "instances": [
        {
          "schema_version": 1,
          "attributes": {
            "algorithm": "RSA",
            "ecdsa_curve": "P224",
            "id": "89c5e715cc8d93fd743c8fd8cf96360a805a4f28",
            "private_key_openssh": "-----BEGIN OPENSSH PRIVATE KEY-----\nb3BlbnNzaC1rZXktdjEAAAAABG5vbmUAAAAEbm9uZQAAAAAAAAABAAACFwAAAAdz\nc2gtcnNhAAAAAwEAAQAAAgEAtsHEV7aAxnI6ULlfmyHu9/OcZHo2Jp6/AauSeQmA\nrSgCkEAqKSR/X5XrcxevafV0DRGgASD2ZfDLuSuDLoerKN/h0vv5R6VGhMJT+ElS\nSrF2VN2QfqGlMPAvugfNWjmhobhGmxl2tVLjxpSXtJvKZDb2ge3ZSmcC6sXiZLY8\nV1EvCkh7Loradb5lV9KyI1/U/76qTcSv5fayzqUAUpmuT+uFSuBujlo9Qos9r8xT\nKdHTFZUi+RR0V0NuSWTeZSpGTYMFATK7W2ubhnK1vvAZD9RDxr4WYPiTwYckTeNp\nJSV6dpGTo6i8Rpc1VDvIAXKV1XwcokSagdsy+7ernWm61My+C8bOG47XaGAQ8vY9\nmGH6GVPFGbinIw9jijeunJFYeIlLswxOqGw05tRtMAkGXKagvs2jaGSIMMCImg+C\niIN3MmzmvWsUy/9NzLN1ifEEJVAAl4dfM5KiGVQEagy0Upg4jQ3OcH9d0MvsuHlE\nhkkG/GdlQBaDC27SkbUNxUbTQBMzjpBKnJkybRx+JPkdKDC3/TDBLaBhucP9QoPt\nxTk0BgB6x6FP94P6fUJOEnTIxzJfNYyevTYgj7cc4bOK0J2z+0+erzJ09HOxh2Oq\n+IHqCEX0Wwjzmql0WA4OQpu+WNCtiCgWlMAfZJIAlqvA/gKJUcWe2GSydsdSQ/56\njNkAAAc4J5YnByeWJwcAAAAHc3NoLXJzYQAAAgEAtsHEV7aAxnI6ULlfmyHu9/Oc\nZHo2Jp6/AauSeQmArSgCkEAqKSR/X5XrcxevafV0DRGgASD2ZfDLuSuDLoerKN/h\n0vv5R6VGhMJT+ElSSrF2VN2QfqGlMPAvugfNWjmhobhGmxl2tVLjxpSXtJvKZDb2\nge3ZSmcC6sXiZLY8V1EvCkh7Loradb5lV9KyI1/U/76qTcSv5fayzqUAUpmuT+uF\nSuBujlo9Qos9r8xTKdHTFZUi+RR0V0NuSWTeZSpGTYMFATK7W2ubhnK1vvAZD9RD\nxr4WYPiTwYckTeNpJSV6dpGTo6i8Rpc1VDvIAXKV1XwcokSagdsy+7ernWm61My+\nC8bOG47XaGAQ8vY9mGH6GVPFGbinIw9jijeunJFYeIlLswxOqGw05tRtMAkGXKag\nvs2jaGSIMMCImg+CiIN3MmzmvWsUy/9NzLN1ifEEJVAAl4dfM5KiGVQEagy0Upg4\njQ3OcH9d0MvsuHlEhkkG/GdlQBaDC27SkbUNxUbTQBMzjpBKnJkybRx+JPkdKDC3\n/TDBLaBhucP9QoPtxTk0BgB6x6FP94P6fUJOEnTIxzJfNYyevTYgj7cc4bOK0J2z\n+0+erzJ09HOxh2Oq+IHqCEX0Wwjzmql0WA4OQpu+WNCtiCgWlMAfZJIAlqvA/gKJ\nUcWe2GSydsdSQ/56jNkAAAADAQABAAACAGQO2FmRgRWlKopRw6div7wfM2vLgWRJ\nm5flgK8l5b5n3mdtyed2pQoHQb5kpFRl32DcWnbjviN334IE8bCC9NHPKYtjC0sP\nkPlUj7arJhPg70FtgRPjmlad2fOHHAYe8YBiLL30BgsmU7DAYAKxHPEbKoFeYI4c\nsfsp1lZ/c6/2scN2hYKo4Qx/7mpT39YAPNS8Ze9oFUnZdHIw4mlW3JnC/9pL4Buu\nCkYph999Bbcqut/hJCGs8jlooLQsNpq6t3zuk8nhJbTayG6m1RyxxXbmJyljn0r+\nLZ9SRy0hqcp9p3vNHkEHO/WGCduRU2J/gss8RU0ONG2OPm6UU7A+V9wHG8iV0R/J\nnnxNbyy22kHKp8RmII1kSyYdyMvH61015n02kx02HNwfoWXNCZFCJeiT5LqvnqNz\nD8tLGDYu2vo8cG1TvfEhh9M5uLrqedOM8V6/Vn6rFleKP0sVLuofv8eUYZ5PJYjO\nr1Hv9+BGJ0l9iqIuQsfkdeho/xuVxDHhSMqDFJyL73mEGaa5f4fTutcTG3UCQ8Yp\nocqCYakrYqC2+HYHUnFoYeH5JYhBUl6C/TDBB+MyHXOAtL2d8MBLV3HQHD/UISap\nhdO76h4Wk+QpJ9VnMIrUedWJjDFD32PrQThy84uqMRlc1/3NNExCmOP5RgWS6OgV\nVI6pKqGcUdRRAAABABxxnWSwzxLoS4+4FHxqB/VAwfMJ62BVHtNXkE1ywAfYBusx\n/+pMsng6o01ncYlNHkWejjSu7gsZX+dLFQOmz8qmai1esoCTViFJY56yYj85k7Vv\n8pTIVty4jU1ffMK/fplWQEfPZcbYHH9jd3t78EU74aQ6nbccQD7qkh5jlIkvap0B\neZ12+zPFzC8lCtYfwcRqum8tSdlbER3aaemSV5E7dR415qR+3QrfeortPZ3LHy1V\n6x57KHX4X10rVqBrRN2TQxMdxFDDCm6Zwb+7rGZMhP2jp7xl9uk2GF0+/Usjkv7L\ngpmuWN4viE64qn8czYdrWFbQy9s+mA3tB3B3SOAAAAEBAOIajGplnOB0l2K4Vp+5\nBBimILR1jKOJba5JBprF99yaFT2sTTV5vutDtQk2yVlD+q2SCFp4ui021S3Xr2UX\nFColTv0sYt/d6T4AozAikxnt/qF2k76DtYqtxO4ITnNynZOfBIUM45WHAtFD4QYu\n2MxxSRB+mgE+h1Tfk5MqFjuExY4gjA3RVeYvAJvgJIkVZEfh09WkGIs3VDHlZjxA\nMBzx4A4ASC5W56wYd1U0oxC+mYypekpKHCVd5H89tbYA2y/wFnKs1CyMSdwDr3Vu\nPohL9fFcR0swo5Z4IVIPoe9koO+476QvpcEe+H8gZU1JpVUhIzDjFIWJwQ6sJIqR\noQ0AAAEBAM7r9avcup8hTIyB7TlLXI0CyPwVYqdPKc3CKxSdF9naeB8BzuVdU2hY\nW+9ybipum+wbFlZyf3UaPy1/ABc5AvRH3af4BQ9FUix41D6pX1CvB0bmGFmKs6E8\nxeTKLVEGlFx/bgB/rupzpjj5rQw/kWmw8y50ZIVIpd7c8xE+50Mb/rSKXmhjnoB6\nJXuK6C2EFOOAzvCdlRGvKH1EDIDJHVJcCkB4vM014CBRXxi84pIcUQioCdOLqWtI\noKdvMsDf2/1X51feWc1DVQ51YvlGVOXC+4cdfuskAQgOiXtp8SteUoAouX5hqvPy\njgpmJovidJvIx5lq4uJxjErFxE6xL/0AAAAAAQID\n-----END OPENSSH PRIVATE KEY-----\n",
            "private_key_pem": "-----BEGIN RSA PRIVATE KEY-----\nMIIJJwIBAAKCAgEAtsHEV7aAxnI6ULlfmyHu9/OcZHo2Jp6/AauSeQmArSgCkEAq\nKSR/X5XrcxevafV0DRGgASD2ZfDLuSuDLoerKN/h0vv5R6VGhMJT+ElSSrF2VN2Q\nfqGlMPAvugfNWjmhobhGmxl2tVLjxpSXtJvKZDb2ge3ZSmcC6sXiZLY8V1EvCkh7\nLoradb5lV9KyI1/U/76qTcSv5fayzqUAUpmuT+uFSuBujlo9Qos9r8xTKdHTFZUi\n+RR0V0NuSWTeZSpGTYMFATK7W2ubhnK1vvAZD9RDxr4WYPiTwYckTeNpJSV6dpGT\no6i8Rpc1VDvIAXKV1XwcokSagdsy+7ernWm61My+C8bOG47XaGAQ8vY9mGH6GVPF\nGbinIw9jijeunJFYeIlLswxOqGw05tRtMAkGXKagvs2jaGSIMMCImg+CiIN3Mmzm\nvWsUy/9NzLN1ifEEJVAAl4dfM5KiGVQEagy0Upg4jQ3OcH9d0MvsuHlEhkkG/Gdl\nQBaDC27SkbUNxUbTQBMzjpBKnJkybRx+JPkdKDC3/TDBLaBhucP9QoPtxTk0BgB6\nx6FP94P6fUJOEnTIxzJfNYyevTYgj7cc4bOK0J2z+0+erzJ09HOxh2Oq+IHqCEX0\nWwjzmql0WA4OQpu+WNCtiCgWlMAfZJIAlqvA/gKJUcWe2GSydsdSQ/56jNkCAwEA\nAQKCAgBkDthZkYEVpSqKUcOnYr+8HzNry4FkSZuX5YCvJeW+Z95nbcnndqUKB0G+\nZKRUZd9g3Fp2474jd9+CBPGwgvTRzymLYwtLD5D5VI+2qyYT4O9BbYET45pWndnz\nhxwGHvGAYiy99AYLJlOwwGACsRzxGyqBXmCOHLH7KdZWf3Ov9rHDdoWCqOEMf+5q\nU9/WADzUvGXvaBVJ2XRyMOJpVtyZwv/aS+AbrgpGKYfffQW3Krrf4SQhrPI5aKC0\nLDaaurd87pPJ4SW02shuptUcscV25icpY59K/i2fUkctIanKfad7zR5BBzv1hgnb\nkVNif4LLPEVNDjRtjj5ulFOwPlfcBxvIldEfyZ58TW8sttpByqfEZiCNZEsmHcjL\nx+tdNeZ9NpMdNhzcH6FlzQmRQiXok+S6r56jcw/LSxg2Ltr6PHBtU73xIYfTObi6\n6nnTjPFev1Z+qxZXij9LFS7qH7/HlGGeTyWIzq9R7/fgRidJfYqiLkLH5HXoaP8b\nlcQx4UjKgxSci+95hBmmuX+H07rXExt1AkPGKaHKgmGpK2Kgtvh2B1JxaGHh+SWI\nQVJegv0wwQfjMh1zgLS9nfDAS1dx0Bw/1CEmqYXTu+oeFpPkKSfVZzCK1HnViYwx\nQ99j60E4cvOLqjEZXNf9zTRMQpjj+UYFkujoFVSOqSqhnFHUUQKCAQEA4hqMamWc\n4HSXYrhWn7kEGKYgtHWMo4ltrkkGmsX33JoVPaxNNXm+60O1CTbJWUP6rZIIWni6\nLTbVLdevZRcUKiVO/Sxi393pPgCjMCKTGe3+oXaTvoO1iq3E7ghOc3Kdk58EhQzj\nlYcC0UPhBi7YzHFJEH6aAT6HVN+TkyoWO4TFjiCMDdFV5i8Am+AkiRVkR+HT1aQY\nizdUMeVmPEAwHPHgDgBILlbnrBh3VTSjEL6ZjKl6SkocJV3kfz21tgDbL/AWcqzU\nLIxJ3AOvdW4+iEv18VxHSzCjlnghUg+h72Sg77jvpC+lwR74fyBlTUmlVSEjMOMU\nhYnBDqwkipGhDQKCAQEAzuv1q9y6nyFMjIHtOUtcjQLI/BVip08pzcIrFJ0X2dp4\nHwHO5V1TaFhb73JuKm6b7BsWVnJ/dRo/LX8AFzkC9Efdp/gFD0VSLHjUPqlfUK8H\nRuYYWYqzoTzF5MotUQaUXH9uAH+u6nOmOPmtDD+RabDzLnRkhUil3tzzET7nQxv+\ntIpeaGOegHole4roLYQU44DO8J2VEa8ofUQMgMkdUlwKQHi8zTXgIFFfGLzikhxR\nCKgJ04upa0igp28ywN/b/VfnV95ZzUNVDnVi+UZU5cL7hx1+6yQBCA6Je2nxK15S\ngCi5fmGq8/KOCmYmi+J0m8jHmWri4nGMSsXETrEv/QKCAQAfQdRPkSSS0wtqlllD\nU2yBi9XRnL6IjSMgiO/kzaFqWdK95+f0kJQYKhAI6g4DzSYGgL2u5Cm4vm/SGpMg\nwoQDH40/6rbwg9kOvT/SE7WKTCB7ac0a9VJPjZ4/2d4ej6XBFqalThbYQQXesCeX\nlzpZaP/Uy+u2aFKFJTNdkN/p8nztHQq/jkT1wWGwKthiKxbl6Q5D5p+N/2QgUbpE\ncgs0tStoRBm2bkUwwWEd4lz4n6DSlUtWodAqSkSgYoOQWaXzhplT2Rir3+kGBWxo\nK4lxhi7F4x/oAR1cW9cfZRHZ6mtlOIfIht2/SOzJhkz61keI8T/QLlRT8atCwAF9\nNoyxAoIBACjwGgzEgM+W4PQziGF7fXYQhP8KpBgB231v2uIbKmrZhEZuLybFzgio\n4pd/Bjiy5XpS6Zp00K60YKd5puTxTJpT1ZCzyxx4VIej6Cn1jHwEBOaMA2lDvcI6\nqdRYA5syOAwM0hCbMloEQ3CmRQxVT0mfzpz0Pib4doifIh/ZWBu44C2L6p2wh91X\nTS8iDkljBlb0VvzX0HRNOS9/VRHtuDVhLE4RFRlsfUknkC7uv8y0eXvC8x69VOl6\n1v4JS/tIztdSmtyRiybHGX7gzpIOziEe8HCM711KJEIZzi1yilpQMPZWGEzeudnF\ntUBtcVbfmL5xfLvnn7e5S05HzkzbVWkCggEAHHGdZLDPEuhLj7gUfGoH9UDB8wnr\nYFUe01eQTXLAB9gG6zH/6kyyeDqjTWdxiU0eRZ6ONK7uCxlf50sVA6bPyqZqLV6y\ngJNWIUljnrJiPzmTtW/ylMhW3LiNTV98wr9+mVZAR89lxtgcf2N3e3vwRTvhpDqd\ntxxAPuqSHmOUiS9qnQF5nXb7M8XMLyUK1h/BxGq6by1J2VsRHdpp6ZJXkTt1HjXm\npH7dCt96iu09ncsfLVXrHnsodfhfXStWoGtE3ZNDEx3EUMMKbpnBv7usZkyE/aOn\nvGX26TYYXT79SyOS/suCma5Y3i+ITriqfxzNh2tYVtDL2z6YDe0HcHdI4A==\n-----END RSA PRIVATE KEY-----\n",
            "private_key_pem_pkcs8": "-----BEGIN PRIVATE KEY-----\nMIIJQQIBADANBgkqhkiG9w0BAQEFAASCCSswggknAgEAAoICAQC2wcRXtoDGcjpQ\nuV+bIe7385xkejYmnr8Bq5J5CYCtKAKQQCopJH9fletzF69p9XQNEaABIPZl8Mu5\nK4Muh6so3+HS+/lHpUaEwlP4SVJKsXZU3ZB+oaUw8C+6B81aOaGhuEabGXa1UuPG\nlJe0m8pkNvaB7dlKZwLqxeJktjxXUS8KSHsuitp1vmVX0rIjX9T/vqpNxK/l9rLO\npQBSma5P64VK4G6OWj1Ciz2vzFMp0dMVlSL5FHRXQ25JZN5lKkZNgwUBMrtba5uG\ncrW+8BkP1EPGvhZg+JPBhyRN42klJXp2kZOjqLxGlzVUO8gBcpXVfByiRJqB2zL7\nt6udabrUzL4Lxs4bjtdoYBDy9j2YYfoZU8UZuKcjD2OKN66ckVh4iUuzDE6obDTm\n1G0wCQZcpqC+zaNoZIgwwIiaD4KIg3cybOa9axTL/03Ms3WJ8QQlUACXh18zkqIZ\nVARqDLRSmDiNDc5wf13Qy+y4eUSGSQb8Z2VAFoMLbtKRtQ3FRtNAEzOOkEqcmTJt\nHH4k+R0oMLf9MMEtoGG5w/1Cg+3FOTQGAHrHoU/3g/p9Qk4SdMjHMl81jJ69NiCP\ntxzhs4rQnbP7T56vMnT0c7GHY6r4geoIRfRbCPOaqXRYDg5Cm75Y0K2IKBaUwB9k\nkgCWq8D+AolRxZ7YZLJ2x1JD/nqM2QIDAQABAoICAGQO2FmRgRWlKopRw6div7wf\nM2vLgWRJm5flgK8l5b5n3mdtyed2pQoHQb5kpFRl32DcWnbjviN334IE8bCC9NHP\nKYtjC0sPkPlUj7arJhPg70FtgRPjmlad2fOHHAYe8YBiLL30BgsmU7DAYAKxHPEb\nKoFeYI4csfsp1lZ/c6/2scN2hYKo4Qx/7mpT39YAPNS8Ze9oFUnZdHIw4mlW3JnC\n/9pL4BuuCkYph999Bbcqut/hJCGs8jlooLQsNpq6t3zuk8nhJbTayG6m1RyxxXbm\nJyljn0r+LZ9SRy0hqcp9p3vNHkEHO/WGCduRU2J/gss8RU0ONG2OPm6UU7A+V9wH\nG8iV0R/JnnxNbyy22kHKp8RmII1kSyYdyMvH61015n02kx02HNwfoWXNCZFCJeiT\n5LqvnqNzD8tLGDYu2vo8cG1TvfEhh9M5uLrqedOM8V6/Vn6rFleKP0sVLuofv8eU\nYZ5PJYjOr1Hv9+BGJ0l9iqIuQsfkdeho/xuVxDHhSMqDFJyL73mEGaa5f4fTutcT\nG3UCQ8YpocqCYakrYqC2+HYHUnFoYeH5JYhBUl6C/TDBB+MyHXOAtL2d8MBLV3HQ\nHD/UISaphdO76h4Wk+QpJ9VnMIrUedWJjDFD32PrQThy84uqMRlc1/3NNExCmOP5\nRgWS6OgVVI6pKqGcUdRRAoIBAQDiGoxqZZzgdJdiuFafuQQYpiC0dYyjiW2uSQaa\nxffcmhU9rE01eb7rQ7UJNslZQ/qtkghaeLotNtUt169lFxQqJU79LGLf3ek+AKMw\nIpMZ7f6hdpO+g7WKrcTuCE5zcp2TnwSFDOOVhwLRQ+EGLtjMcUkQfpoBPodU35OT\nKhY7hMWOIIwN0VXmLwCb4CSJFWRH4dPVpBiLN1Qx5WY8QDAc8eAOAEguVuesGHdV\nNKMQvpmMqXpKShwlXeR/PbW2ANsv8BZyrNQsjEncA691bj6IS/XxXEdLMKOWeCFS\nD6HvZKDvuO+kL6XBHvh/IGVNSaVVISMw4xSFicEOrCSKkaENAoIBAQDO6/Wr3Lqf\nIUyMge05S1yNAsj8FWKnTynNwisUnRfZ2ngfAc7lXVNoWFvvcm4qbpvsGxZWcn91\nGj8tfwAXOQL0R92n+AUPRVIseNQ+qV9QrwdG5hhZirOhPMXkyi1RBpRcf24Af67q\nc6Y4+a0MP5FpsPMudGSFSKXe3PMRPudDG/60il5oY56AeiV7iugthBTjgM7wnZUR\nryh9RAyAyR1SXApAeLzNNeAgUV8YvOKSHFEIqAnTi6lrSKCnbzLA39v9V+dX3lnN\nQ1UOdWL5RlTlwvuHHX7rJAEIDol7afErXlKAKLl+Yarz8o4KZiaL4nSbyMeZauLi\ncYxKxcROsS/9AoIBAB9B1E+RJJLTC2qWWUNTbIGL1dGcvoiNIyCI7+TNoWpZ0r3n\n5/SQlBgqEAjqDgPNJgaAva7kKbi+b9IakyDChAMfjT/qtvCD2Q69P9ITtYpMIHtp\nzRr1Uk+Nnj/Z3h6PpcEWpqVOFthBBd6wJ5eXOllo/9TL67ZoUoUlM12Q3+nyfO0d\nCr+ORPXBYbAq2GIrFuXpDkPmn43/ZCBRukRyCzS1K2hEGbZuRTDBYR3iXPifoNKV\nS1ah0CpKRKBig5BZpfOGmVPZGKvf6QYFbGgriXGGLsXjH+gBHVxb1x9lEdnqa2U4\nh8iG3b9I7MmGTPrWR4jxP9AuVFPxq0LAAX02jLECggEAKPAaDMSAz5bg9DOIYXt9\ndhCE/wqkGAHbfW/a4hsqatmERm4vJsXOCKjil38GOLLlelLpmnTQrrRgp3mm5PFM\nmlPVkLPLHHhUh6PoKfWMfAQE5owDaUO9wjqp1FgDmzI4DAzSEJsyWgRDcKZFDFVP\nSZ/OnPQ+Jvh2iJ8iH9lYG7jgLYvqnbCH3VdNLyIOSWMGVvRW/NfQdE05L39VEe24\nNWEsThEVGWx9SSeQLu6/zLR5e8LzHr1U6XrW/glL+0jO11Ka3JGLJscZfuDOkg7O\nIR7wcIzvXUokQhnOLXKKWlAw9lYYTN652cW1QG1xVt+YvnF8u+eft7lLTkfOTNtV\naQKCAQAccZ1ksM8S6EuPuBR8agf1QMHzCetgVR7TV5BNcsAH2AbrMf/qTLJ4OqNN\nZ3GJTR5Fno40ru4LGV/nSxUDps/KpmotXrKAk1YhSWOesmI/OZO1b/KUyFbcuI1N\nX3zCv36ZVkBHz2XG2Bx/Y3d7e/BFO+GkOp23HEA+6pIeY5SJL2qdAXmddvszxcwv\nJQrWH8HEarpvLUnZWxEd2mnpkleRO3UeNeakft0K33qK7T2dyx8tVeseeyh1+F9d\nK1aga0Tdk0MTHcRQwwpumcG/u6xmTIT9o6e8ZfbpNhhdPv1LI5L+y4KZrljeL4hO\nuKp/HM2Ha1hW0MvbPpgN7Qdwd0jg\n-----END PRIVATE KEY-----\n",
            "public_key_fingerprint_md5": "0d:32:2f:64:25:36:75:fd:5f:21:c9:17:ab:9f:d7:82",
            "public_key_fingerprint_sha256": "SHA256:p+BONNC+qzgKUIwvRBHgqnGiHSjXeU8YtFcqt7joBLc",
            "public_key_openssh": "ssh-rsa AAAAB3NzaC1yc2EAAAADAQABAAACAQC2wcRXtoDGcjpQuV+bIe7385xkejYmnr8Bq5J5CYCtKAKQQCopJH9fletzF69p9XQNEaABIPZl8Mu5K4Muh6so3+HS+/lHpUaEwlP4SVJKsXZU3ZB+oaUw8C+6B81aOaGhuEabGXa1UuPGlJe0m8pkNvaB7dlKZwLqxeJktjxXUS8KSHsuitp1vmVX0rIjX9T/vqpNxK/l9rLOpQBSma5P64VK4G6OWj1Ciz2vzFMp0dMVlSL5FHRXQ25JZN5lKkZNgwUBMrtba5uGcrW+8BkP1EPGvhZg+JPBhyRN42klJXp2kZOjqLxGlzVUO8gBcpXVfByiRJqB2zL7t6udabrUzL4Lxs4bjtdoYBDy9j2YYfoZU8UZuKcjD2OKN66ckVh4iUuzDE6obDTm1G0wCQZcpqC+zaNoZIgwwIiaD4KIg3cybOa9axTL/03Ms3WJ8QQlUACXh18zkqIZVARqDLRSmDiNDc5wf13Qy+y4eUSGSQb8Z2VAFoMLbtKRtQ3FRtNAEzOOkEqcmTJtHH4k+R0oMLf9MMEtoGG5w/1Cg+3FOTQGAHrHoU/3g/p9Qk4SdMjHMl81jJ69NiCPtxzhs4rQnbP7T56vMnT0c7GHY6r4geoIRfRbCPOaqXRYDg5Cm75Y0K2IKBaUwB9kkgCWq8D+AolRxZ7YZLJ2x1JD/nqM2Q==\n",
            "public_key_pem": "-----BEGIN PUBLIC KEY-----\nMIICIjANBgkqhkiG9w0BAQEFAAOCAg8AMIICCgKCAgEAtsHEV7aAxnI6ULlfmyHu\n9/OcZHo2Jp6/AauSeQmArSgCkEAqKSR/X5XrcxevafV0DRGgASD2ZfDLuSuDLoer\nKN/h0vv5R6VGhMJT+ElSSrF2VN2QfqGlMPAvugfNWjmhobhGmxl2tVLjxpSXtJvK\nZDb2ge3ZSmcC6sXiZLY8V1EvCkh7Loradb5lV9KyI1/U/76qTcSv5fayzqUAUpmu\nT+uFSuBujlo9Qos9r8xTKdHTFZUi+RR0V0NuSWTeZSpGTYMFATK7W2ubhnK1vvAZ\nD9RDxr4WYPiTwYckTeNpJSV6dpGTo6i8Rpc1VDvIAXKV1XwcokSagdsy+7ernWm6\n1My+C8bOG47XaGAQ8vY9mGH6GVPFGbinIw9jijeunJFYeIlLswxOqGw05tRtMAkG\nXKagvs2jaGSIMMCImg+CiIN3MmzmvWsUy/9NzLN1ifEEJVAAl4dfM5KiGVQEagy0\nUpg4jQ3OcH9d0MvsuHlEhkkG/GdlQBaDC27SkbUNxUbTQBMzjpBKnJkybRx+JPkd\nKDC3/TDBLaBhucP9QoPtxTk0BgB6x6FP94P6fUJOEnTIxzJfNYyevTYgj7cc4bOK\n0J2z+0+erzJ09HOxh2Oq+IHqCEX0Wwjzmql0WA4OQpu+WNCtiCgWlMAfZJIAlqvA\n/gKJUcWe2GSydsdSQ/56jNkCAwEAAQ==\n-----END PUBLIC KEY-----\n",
            "rsa_bits": 4096
          },
          "sensitive_attributes": [
            [
              {
                "type": "get_attr",
                "value": "private_key_pem_pkcs8"
              }
            ],
            [
              {
                "type": "get_attr",
                "value": "private_key_pem"
              }
            ],
            [
              {
                "type": "get_attr",
                "value": "private_key_openssh"
              }
            ]
          ]
        }
      ]
    },
    {
      "module": "module.vpc",
      "mode": "managed",
      "type": "aws_default_route_table",
      "name": "main-rtb",
      "provider": "provider[\"registry.terraform.io/hashicorp/aws\"]",
      "instances": [
        {
          "schema_version": 0,
          "attributes": {
            "arn": "arn:aws:ec2:us-east-1:711387135599:route-table/rtb-00b644d5004fe87d8",
            "default_route_table_id": "rtb-00b644d5004fe87d8",
            "id": "rtb-00b644d5004fe87d8",
            "owner_id": "711387135599",
            "propagating_vgws": [],
            "route": [
              {
                "cidr_block": "0.0.0.0/0",
                "core_network_arn": "",
                "destination_prefix_list_id": "",
                "egress_only_gateway_id": "",
                "gateway_id": "igw-02bfb7f5de837d530",
                "instance_id": "",
                "ipv6_cidr_block": "",
                "nat_gateway_id": "",
                "network_interface_id": "",
                "transit_gateway_id": "",
                "vpc_endpoint_id": "",
                "vpc_peering_connection_id": ""
              }
            ],
            "tags": {
              "Name": "main-rtb"
            },
            "tags_all": {
              "Name": "main-rtb"
            },
            "timeouts": null,
            "vpc_id": "vpc-0433936667655a0c8"
          },
          "sensitive_attributes": [],
          "private": "eyJlMmJmYjczMC1lY2FhLTExZTYtOGY4OC0zNDM2M2JjN2M0YzAiOnsiY3JlYXRlIjoxMjAwMDAwMDAwMDAsInVwZGF0ZSI6MTIwMDAwMDAwMDAwfX0=",
          "dependencies": [
            "module.vpc.aws_internet_gateway.main-igw",
            "module.vpc.aws_vpc.main-vpc"
          ]
        }
      ]
    },
    {
      "module": "module.vpc",
      "mode": "managed",
      "type": "aws_default_security_group",
      "name": "main-sg",
      "provider": "provider[\"registry.terraform.io/hashicorp/aws\"]",
      "instances": [
        {
          "schema_version": 1,
          "attributes": {
            "arn": "arn:aws:ec2:us-east-1:711387135599:security-group/sg-0e27c0f5bf80e3b73",
            "description": "default VPC security group",
            "egress": [
              {
                "cidr_blocks": [
                  "0.0.0.0/0"
                ],
                "description": "",
                "from_port": 0,
                "ipv6_cidr_blocks": [],
                "prefix_list_ids": [],
                "protocol": "-1",
                "security_groups": [],
                "self": false,
                "to_port": 0
              }
            ],
            "id": "sg-0e27c0f5bf80e3b73",
            "ingress": [
              {
                "cidr_blocks": [
                  "0.0.0.0/0"
                ],
                "description": "",
                "from_port": 80,
                "ipv6_cidr_blocks": [],
                "prefix_list_ids": [],
                "protocol": "tcp",
                "security_groups": [],
                "self": false,
                "to_port": 80
              },
              {
                "cidr_blocks": [
                  "156.223.179.89/32"
                ],
                "description": "",
                "from_port": 22,
                "ipv6_cidr_blocks": [],
                "prefix_list_ids": [],
                "protocol": "tcp",
                "security_groups": [],
                "self": false,
                "to_port": 22
              }
            ],
            "name": "default",
            "name_prefix": "",
            "owner_id": "711387135599",
            "revoke_rules_on_delete": false,
            "tags": {
              "Name": "main-default-sg"
            },
            "tags_all": {
              "Name": "main-default-sg"
            },
            "vpc_id": "vpc-0433936667655a0c8"
          },
          "sensitive_attributes": [],
          "private": "eyJzY2hlbWFfdmVyc2lvbiI6IjEifQ==",
          "dependencies": [
            "module.vpc.aws_vpc.main-vpc"
          ]
        }
      ]
    },
    {
      "module": "module.vpc",
      "mode": "managed",
      "type": "aws_internet_gateway",
      "name": "main-igw",
      "provider": "provider[\"registry.terraform.io/hashicorp/aws\"]",
      "instances": [
        {
          "schema_version": 0,
          "attributes": {
            "arn": "arn:aws:ec2:us-east-1:711387135599:internet-gateway/igw-02bfb7f5de837d530",
            "id": "igw-02bfb7f5de837d530",
            "owner_id": "711387135599",
            "tags": {
              "Name": "web-igw"
            },
            "tags_all": {
              "Name": "web-igw"
            },
            "timeouts": null,
            "vpc_id": "vpc-0433936667655a0c8"
          },
          "sensitive_attributes": [],
          "private": "eyJlMmJmYjczMC1lY2FhLTExZTYtOGY4OC0zNDM2M2JjN2M0YzAiOnsiY3JlYXRlIjoxMjAwMDAwMDAwMDAwLCJkZWxldGUiOjEyMDAwMDAwMDAwMDAsInVwZGF0ZSI6MTIwMDAwMDAwMDAwMH19",
          "dependencies": [
            "module.vpc.aws_vpc.main-vpc"
          ]
        }
      ]
    },
    {
      "module": "module.vpc",
      "mode": "managed",
      "type": "aws_subnet",
      "name": "main-subnet",
      "provider": "provider[\"registry.terraform.io/hashicorp/aws\"]",
      "instances": [
        {
          "schema_version": 1,
          "attributes": {
            "arn": "arn:aws:ec2:us-east-1:711387135599:subnet/subnet-0b1036606c4217de5",
            "assign_ipv6_address_on_creation": false,
            "availability_zone": "us-east-1c",
            "availability_zone_id": "use1-az6",
            "cidr_block": "10.0.1.0/24",
            "customer_owned_ipv4_pool": "",
            "enable_dns64": false,
            "enable_lni_at_device_index": 0,
            "enable_resource_name_dns_a_record_on_launch": false,
            "enable_resource_name_dns_aaaa_record_on_launch": false,
            "id": "subnet-0b1036606c4217de5",
            "ipv6_cidr_block": "",
            "ipv6_cidr_block_association_id": "",
            "ipv6_native": false,
            "map_customer_owned_ip_on_launch": false,
            "map_public_ip_on_launch": false,
            "outpost_arn": "",
            "owner_id": "711387135599",
            "private_dns_hostname_type_on_launch": "ip-name",
            "tags": {
              "Name": "subnet-1"
            },
            "tags_all": {
              "Name": "subnet-1"
            },
            "timeouts": null,
            "vpc_id": "vpc-0433936667655a0c8"
          },
          "sensitive_attributes": [],
          "private": "eyJlMmJmYjczMC1lY2FhLTExZTYtOGY4OC0zNDM2M2JjN2M0YzAiOnsiY3JlYXRlIjo2MDAwMDAwMDAwMDAsImRlbGV0ZSI6MTIwMDAwMDAwMDAwMH0sInNjaGVtYV92ZXJzaW9uIjoiMSJ9",
          "dependencies": [
            "module.vpc.aws_vpc.main-vpc"
          ]
        }
      ]
    },
    {
      "module": "module.vpc",
      "mode": "managed",
      "type": "aws_vpc",
      "name": "main-vpc",
      "provider": "provider[\"registry.terraform.io/hashicorp/aws\"]",
      "instances": [
        {
          "schema_version": 1,
          "attributes": {
            "arn": "arn:aws:ec2:us-east-1:711387135599:vpc/vpc-0433936667655a0c8",
            "assign_generated_ipv6_cidr_block": false,
            "cidr_block": "10.0.0.0/16",
            "default_network_acl_id": "acl-05e25d68bfdae4d6c",
            "default_route_table_id": "rtb-00b644d5004fe87d8",
            "default_security_group_id": "sg-0e27c0f5bf80e3b73",
            "dhcp_options_id": "dopt-05069d17ac67c97c4",
            "enable_dns_hostnames": false,
            "enable_dns_support": true,
            "enable_network_address_usage_metrics": false,
            "id": "vpc-0433936667655a0c8",
            "instance_tenancy": "default",
            "ipv4_ipam_pool_id": null,
            "ipv4_netmask_length": null,
            "ipv6_association_id": "",
            "ipv6_cidr_block": "",
            "ipv6_cidr_block_network_border_group": "",
            "ipv6_ipam_pool_id": "",
            "ipv6_netmask_length": 0,
            "main_route_table_id": "rtb-00b644d5004fe87d8",
            "owner_id": "711387135599",
            "tags": {
              "Name": "main-vpc"
            },
            "tags_all": {
              "Name": "main-vpc"
            }
          },
          "sensitive_attributes": [],
          "private": "eyJzY2hlbWFfdmVyc2lvbiI6IjEifQ=="
        }
      ]
    }
  ],
  "check_results": null
}
